// !$*UTF8*$!
{
	archiveVersion = 1;
	classes = {
	};
	objectVersion = 55;
	objects = {

/* Begin PBXBuildFile section */
		AC18706229B7F2B6003D7FFD /* AppDelegate.swift in Sources */ = {isa = PBXBuildFile; fileRef = AC18706129B7F2B6003D7FFD /* AppDelegate.swift */; };
		AC18706429B7F2B6003D7FFD /* SceneDelegate.swift in Sources */ = {isa = PBXBuildFile; fileRef = AC18706329B7F2B6003D7FFD /* SceneDelegate.swift */; };
		AC18706629B7F2B6003D7FFD /* ViewController.swift in Sources */ = {isa = PBXBuildFile; fileRef = AC18706529B7F2B6003D7FFD /* ViewController.swift */; };
		AC18706929B7F2B6003D7FFD /* Main.storyboard in Resources */ = {isa = PBXBuildFile; fileRef = AC18706729B7F2B6003D7FFD /* Main.storyboard */; };
		AC18706B29B7F2BA003D7FFD /* Assets.xcassets in Resources */ = {isa = PBXBuildFile; fileRef = AC18706A29B7F2BA003D7FFD /* Assets.xcassets */; };
		AC18706E29B7F2BA003D7FFD /* LaunchScreen.storyboard in Resources */ = {isa = PBXBuildFile; fileRef = AC18706C29B7F2BA003D7FFD /* LaunchScreen.storyboard */; };
		AC18707929B7F2BB003D7FFD /* Aula03_07_marTests.swift in Sources */ = {isa = PBXBuildFile; fileRef = AC18707829B7F2BB003D7FFD /* Aula03_07_marTests.swift */; };
		AC18708329B7F2BB003D7FFD /* Aula03_07_marUITests.swift in Sources */ = {isa = PBXBuildFile; fileRef = AC18708229B7F2BB003D7FFD /* Aula03_07_marUITests.swift */; };
		AC18708529B7F2BB003D7FFD /* Aula03_07_marUITestsLaunchTests.swift in Sources */ = {isa = PBXBuildFile; fileRef = AC18708429B7F2BB003D7FFD /* Aula03_07_marUITestsLaunchTests.swift */; };
/* End PBXBuildFile section */

/* Begin PBXContainerItemProxy section */
		AC18707529B7F2BB003D7FFD /* PBXContainerItemProxy */ = {
			isa = PBXContainerItemProxy;
			containerPortal = AC18705629B7F2B6003D7FFD /* Project object */;
			proxyType = 1;
			remoteGlobalIDString = AC18705D29B7F2B6003D7FFD;
			remoteInfo = Aula03_07_mar;
		};
		AC18707F29B7F2BB003D7FFD /* PBXContainerItemProxy */ = {
			isa = PBXContainerItemProxy;
			containerPortal = AC18705629B7F2B6003D7FFD /* Project object */;
			proxyType = 1;
			remoteGlobalIDString = AC18705D29B7F2B6003D7FFD;
			remoteInfo = Aula03_07_mar;
		};
/* End PBXContainerItemProxy section */

/* Begin PBXFileReference section */
		AC18705E29B7F2B6003D7FFD /* Aula03_07_mar.app */ = {isa = PBXFileReference; explicitFileType = wrapper.application; includeInIndex = 0; path = Aula03_07_mar.app; sourceTree = BUILT_PRODUCTS_DIR; };
		AC18706129B7F2B6003D7FFD /* AppDelegate.swift */ = {isa = PBXFileReference; lastKnownFileType = sourcecode.swift; path = AppDelegate.swift; sourceTree = "<group>"; };
		AC18706329B7F2B6003D7FFD /* SceneDelegate.swift */ = {isa = PBXFileReference; lastKnownFileType = sourcecode.swift; path = SceneDelegate.swift; sourceTree = "<group>"; };
		AC18706529B7F2B6003D7FFD /* ViewController.swift */ = {isa = PBXFileReference; lastKnownFileType = sourcecode.swift; path = ViewController.swift; sourceTree = "<group>"; };
		AC18706829B7F2B6003D7FFD /* Base */ = {isa = PBXFileReference; lastKnownFileType = file.storyboard; name = Base; path = Base.lproj/Main.storyboard; sourceTree = "<group>"; };
		AC18706A29B7F2BA003D7FFD /* Assets.xcassets */ = {isa = PBXFileReference; lastKnownFileType = folder.assetcatalog; path = Assets.xcassets; sourceTree = "<group>"; };
		AC18706D29B7F2BA003D7FFD /* Base */ = {isa = PBXFileReference; lastKnownFileType = file.storyboard; name = Base; path = Base.lproj/LaunchScreen.storyboard; sourceTree = "<group>"; };
		AC18706F29B7F2BA003D7FFD /* Info.plist */ = {isa = PBXFileReference; lastKnownFileType = text.plist.xml; path = Info.plist; sourceTree = "<group>"; };
		AC18707429B7F2BB003D7FFD /* Aula03_07_marTests.xctest */ = {isa = PBXFileReference; explicitFileType = wrapper.cfbundle; includeInIndex = 0; path = Aula03_07_marTests.xctest; sourceTree = BUILT_PRODUCTS_DIR; };
		AC18707829B7F2BB003D7FFD /* Aula03_07_marTests.swift */ = {isa = PBXFileReference; lastKnownFileType = sourcecode.swift; path = Aula03_07_marTests.swift; sourceTree = "<group>"; };
		AC18707E29B7F2BB003D7FFD /* Aula03_07_marUITests.xctest */ = {isa = PBXFileReference; explicitFileType = wrapper.cfbundle; includeInIndex = 0; path = Aula03_07_marUITests.xctest; sourceTree = BUILT_PRODUCTS_DIR; };
		AC18708229B7F2BB003D7FFD /* Aula03_07_marUITests.swift */ = {isa = PBXFileReference; lastKnownFileType = sourcecode.swift; path = Aula03_07_marUITests.swift; sourceTree = "<group>"; };
		AC18708429B7F2BB003D7FFD /* Aula03_07_marUITestsLaunchTests.swift */ = {isa = PBXFileReference; lastKnownFileType = sourcecode.swift; path = Aula03_07_marUITestsLaunchTests.swift; sourceTree = "<group>"; };
/* End PBXFileReference section */

/* Begin PBXFrameworksBuildPhase section */
		AC18705B29B7F2B6003D7FFD /* Frameworks */ = {
			isa = PBXFrameworksBuildPhase;
			buildActionMask = 2147483647;
			files = (
			);
			runOnlyForDeploymentPostprocessing = 0;
		};
		AC18707129B7F2BB003D7FFD /* Frameworks */ = {
			isa = PBXFrameworksBuildPhase;
			buildActionMask = 2147483647;
			files = (
			);
			runOnlyForDeploymentPostprocessing = 0;
		};
		AC18707B29B7F2BB003D7FFD /* Frameworks */ = {
			isa = PBXFrameworksBuildPhase;
			buildActionMask = 2147483647;
			files = (
			);
			runOnlyForDeploymentPostprocessing = 0;
		};
/* End PBXFrameworksBuildPhase section */

/* Begin PBXGroup section */
		AC18705529B7F2B6003D7FFD = {
			isa = PBXGroup;
			children = (
				AC18706029B7F2B6003D7FFD /* Aula03_07_mar */,
				AC18707729B7F2BB003D7FFD /* Aula03_07_marTests */,
				AC18708129B7F2BB003D7FFD /* Aula03_07_marUITests */,
				AC18705F29B7F2B6003D7FFD /* Products */,
			);
			sourceTree = "<group>";
		};
		AC18705F29B7F2B6003D7FFD /* Products */ = {
			isa = PBXGroup;
			children = (
				AC18705E29B7F2B6003D7FFD /* Aula03_07_mar.app */,
				AC18707429B7F2BB003D7FFD /* Aula03_07_marTests.xctest */,
				AC18707E29B7F2BB003D7FFD /* Aula03_07_marUITests.xctest */,
			);
			name = Products;
			sourceTree = "<group>";
		};
		AC18706029B7F2B6003D7FFD /* Aula03_07_mar */ = {
			isa = PBXGroup;
			children = (
				AC18706129B7F2B6003D7FFD /* AppDelegate.swift */,
				AC18706329B7F2B6003D7FFD /* SceneDelegate.swift */,
				AC18706529B7F2B6003D7FFD /* ViewController.swift */,
				AC18706729B7F2B6003D7FFD /* Main.storyboard */,
				AC18706A29B7F2BA003D7FFD /* Assets.xcassets */,
				AC18706C29B7F2BA003D7FFD /* LaunchScreen.storyboard */,
				AC18706F29B7F2BA003D7FFD /* Info.plist */,
			);
			path = Aula03_07_mar;
			sourceTree = "<group>";
		};
		AC18707729B7F2BB003D7FFD /* Aula03_07_marTests */ = {
			isa = PBXGroup;
			children = (
				AC18707829B7F2BB003D7FFD /* Aula03_07_marTests.swift */,
			);
			path = Aula03_07_marTests;
			sourceTree = "<group>";
		};
		AC18708129B7F2BB003D7FFD /* Aula03_07_marUITests */ = {
			isa = PBXGroup;
			children = (
				AC18708229B7F2BB003D7FFD /* Aula03_07_marUITests.swift */,
				AC18708429B7F2BB003D7FFD /* Aula03_07_marUITestsLaunchTests.swift */,
			);
			path = Aula03_07_marUITests;
			sourceTree = "<group>";
		};
/* End PBXGroup section */

/* Begin PBXNativeTarget section */
		AC18705D29B7F2B6003D7FFD /* Aula03_07_mar */ = {
			isa = PBXNativeTarget;
			buildConfigurationList = AC18708829B7F2BB003D7FFD /* Build configuration list for PBXNativeTarget "Aula03_07_mar" */;
			buildPhases = (
				AC18705A29B7F2B6003D7FFD /* Sources */,
				AC18705B29B7F2B6003D7FFD /* Frameworks */,
				AC18705C29B7F2B6003D7FFD /* Resources */,
			);
			buildRules = (
			);
			dependencies = (
			);
			name = Aula03_07_mar;
			productName = Aula03_07_mar;
			productReference = AC18705E29B7F2B6003D7FFD /* Aula03_07_mar.app */;
			productType = "com.apple.product-type.application";
		};
		AC18707329B7F2BB003D7FFD /* Aula03_07_marTests */ = {
			isa = PBXNativeTarget;
			buildConfigurationList = AC18708B29B7F2BB003D7FFD /* Build configuration list for PBXNativeTarget "Aula03_07_marTests" */;
			buildPhases = (
				AC18707029B7F2BB003D7FFD /* Sources */,
				AC18707129B7F2BB003D7FFD /* Frameworks */,
				AC18707229B7F2BB003D7FFD /* Resources */,
			);
			buildRules = (
			);
			dependencies = (
				AC18707629B7F2BB003D7FFD /* PBXTargetDependency */,
			);
			name = Aula03_07_marTests;
			productName = Aula03_07_marTests;
			productReference = AC18707429B7F2BB003D7FFD /* Aula03_07_marTests.xctest */;
			productType = "com.apple.product-type.bundle.unit-test";
		};
		AC18707D29B7F2BB003D7FFD /* Aula03_07_marUITests */ = {
			isa = PBXNativeTarget;
			buildConfigurationList = AC18708E29B7F2BB003D7FFD /* Build configuration list for PBXNativeTarget "Aula03_07_marUITests" */;
			buildPhases = (
				AC18707A29B7F2BB003D7FFD /* Sources */,
				AC18707B29B7F2BB003D7FFD /* Frameworks */,
				AC18707C29B7F2BB003D7FFD /* Resources */,
			);
			buildRules = (
			);
			dependencies = (
				AC18708029B7F2BB003D7FFD /* PBXTargetDependency */,
			);
			name = Aula03_07_marUITests;
			productName = Aula03_07_marUITests;
			productReference = AC18707E29B7F2BB003D7FFD /* Aula03_07_marUITests.xctest */;
			productType = "com.apple.product-type.bundle.ui-testing";
		};
/* End PBXNativeTarget section */

/* Begin PBXProject section */
		AC18705629B7F2B6003D7FFD /* Project object */ = {
			isa = PBXProject;
			attributes = {
				BuildIndependentTargetsInParallel = 1;
				LastSwiftUpdateCheck = 1340;
				LastUpgradeCheck = 1340;
				TargetAttributes = {
					AC18705D29B7F2B6003D7FFD = {
						CreatedOnToolsVersion = 13.4;
					};
					AC18707329B7F2BB003D7FFD = {
						CreatedOnToolsVersion = 13.4;
						TestTargetID = AC18705D29B7F2B6003D7FFD;
					};
					AC18707D29B7F2BB003D7FFD = {
						CreatedOnToolsVersion = 13.4;
						TestTargetID = AC18705D29B7F2B6003D7FFD;
					};
				};
			};
			buildConfigurationList = AC18705929B7F2B6003D7FFD /* Build configuration list for PBXProject "Aula03_07_mar" */;
			compatibilityVersion = "Xcode 13.0";
			developmentRegion = en;
			hasScannedForEncodings = 0;
			knownRegions = (
				en,
				Base,
			);
			mainGroup = AC18705529B7F2B6003D7FFD;
			productRefGroup = AC18705F29B7F2B6003D7FFD /* Products */;
			projectDirPath = "";
			projectRoot = "";
			targets = (
				AC18705D29B7F2B6003D7FFD /* Aula03_07_mar */,
				AC18707329B7F2BB003D7FFD /* Aula03_07_marTests */,
				AC18707D29B7F2BB003D7FFD /* Aula03_07_marUITests */,
			);
		};
/* End PBXProject section */

/* Begin PBXResourcesBuildPhase section */
		AC18705C29B7F2B6003D7FFD /* Resources */ = {
			isa = PBXResourcesBuildPhase;
			buildActionMask = 2147483647;
			files = (
				AC18706E29B7F2BA003D7FFD /* LaunchScreen.storyboard in Resources */,
				AC18706B29B7F2BA003D7FFD /* Assets.xcassets in Resources */,
				AC18706929B7F2B6003D7FFD /* Main.storyboard in Resources */,
			);
			runOnlyForDeploymentPostprocessing = 0;
		};
		AC18707229B7F2BB003D7FFD /* Resources */ = {
			isa = PBXResourcesBuildPhase;
			buildActionMask = 2147483647;
			files = (
			);
			runOnlyForDeploymentPostprocessing = 0;
		};
		AC18707C29B7F2BB003D7FFD /* Resources */ = {
			isa = PBXResourcesBuildPhase;
			buildActionMask = 2147483647;
			files = (
			);
			runOnlyForDeploymentPostprocessing = 0;
		};
/* End PBXResourcesBuildPhase section */

/* Begin PBXSourcesBuildPhase section */
		AC18705A29B7F2B6003D7FFD /* Sources */ = {
			isa = PBXSourcesBuildPhase;
			buildActionMask = 2147483647;
			files = (
				AC18706629B7F2B6003D7FFD /* ViewController.swift in Sources */,
				AC18706229B7F2B6003D7FFD /* AppDelegate.swift in Sources */,
				AC18706429B7F2B6003D7FFD /* SceneDelegate.swift in Sources */,
			);
			runOnlyForDeploymentPostprocessing = 0;
		};
		AC18707029B7F2BB003D7FFD /* Sources */ = {
			isa = PBXSourcesBuildPhase;
			buildActionMask = 2147483647;
			files = (
				AC18707929B7F2BB003D7FFD /* Aula03_07_marTests.swift in Sources */,
			);
			runOnlyForDeploymentPostprocessing = 0;
		};
		AC18707A29B7F2BB003D7FFD /* Sources */ = {
			isa = PBXSourcesBuildPhase;
			buildActionMask = 2147483647;
			files = (
				AC18708529B7F2BB003D7FFD /* Aula03_07_marUITestsLaunchTests.swift in Sources */,
				AC18708329B7F2BB003D7FFD /* Aula03_07_marUITests.swift in Sources */,
			);
			runOnlyForDeploymentPostprocessing = 0;
		};
/* End PBXSourcesBuildPhase section */

/* Begin PBXTargetDependency section */
		AC18707629B7F2BB003D7FFD /* PBXTargetDependency */ = {
			isa = PBXTargetDependency;
			target = AC18705D29B7F2B6003D7FFD /* Aula03_07_mar */;
			targetProxy = AC18707529B7F2BB003D7FFD /* PBXContainerItemProxy */;
		};
		AC18708029B7F2BB003D7FFD /* PBXTargetDependency */ = {
			isa = PBXTargetDependency;
			target = AC18705D29B7F2B6003D7FFD /* Aula03_07_mar */;
			targetProxy = AC18707F29B7F2BB003D7FFD /* PBXContainerItemProxy */;
		};
/* End PBXTargetDependency section */

/* Begin PBXVariantGroup section */
		AC18706729B7F2B6003D7FFD /* Main.storyboard */ = {
			isa = PBXVariantGroup;
			children = (
				AC18706829B7F2B6003D7FFD /* Base */,
			);
			name = Main.storyboard;
			sourceTree = "<group>";
		};
		AC18706C29B7F2BA003D7FFD /* LaunchScreen.storyboard */ = {
			isa = PBXVariantGroup;
			children = (
				AC18706D29B7F2BA003D7FFD /* Base */,
			);
			name = LaunchScreen.storyboard;
			sourceTree = "<group>";
		};
/* End PBXVariantGroup section */

/* Begin XCBuildConfiguration section */
		AC18708629B7F2BB003D7FFD /* Debug */ = {
			isa = XCBuildConfiguration;
			buildSettings = {
				ALWAYS_SEARCH_USER_PATHS = NO;
				CLANG_ANALYZER_NONNULL = YES;
				CLANG_ANALYZER_NUMBER_OBJECT_CONVERSION = YES_AGGRESSIVE;
				CLANG_CXX_LANGUAGE_STANDARD = "gnu++17";
				CLANG_ENABLE_MODULES = YES;
				CLANG_ENABLE_OBJC_ARC = YES;
				CLANG_ENABLE_OBJC_WEAK = YES;
				CLANG_WARN_BLOCK_CAPTURE_AUTORELEASING = YES;
				CLANG_WARN_BOOL_CONVERSION = YES;
				CLANG_WARN_COMMA = YES;
				CLANG_WARN_CONSTANT_CONVERSION = YES;
				CLANG_WARN_DEPRECATED_OBJC_IMPLEMENTATIONS = YES;
				CLANG_WARN_DIRECT_OBJC_ISA_USAGE = YES_ERROR;
				CLANG_WARN_DOCUMENTATION_COMMENTS = YES;
				CLANG_WARN_EMPTY_BODY = YES;
				CLANG_WARN_ENUM_CONVERSION = YES;
				CLANG_WARN_INFINITE_RECURSION = YES;
				CLANG_WARN_INT_CONVERSION = YES;
				CLANG_WARN_NON_LITERAL_NULL_CONVERSION = YES;
				CLANG_WARN_OBJC_IMPLICIT_RETAIN_SELF = YES;
				CLANG_WARN_OBJC_LITERAL_CONVERSION = YES;
				CLANG_WARN_OBJC_ROOT_CLASS = YES_ERROR;
				CLANG_WARN_QUOTED_INCLUDE_IN_FRAMEWORK_HEADER = YES;
				CLANG_WARN_RANGE_LOOP_ANALYSIS = YES;
				CLANG_WARN_STRICT_PROTOTYPES = YES;
				CLANG_WARN_SUSPICIOUS_MOVE = YES;
				CLANG_WARN_UNGUARDED_AVAILABILITY = YES_AGGRESSIVE;
				CLANG_WARN_UNREACHABLE_CODE = YES;
				CLANG_WARN__DUPLICATE_METHOD_MATCH = YES;
				COPY_PHASE_STRIP = NO;
				DEBUG_INFORMATION_FORMAT = dwarf;
				ENABLE_STRICT_OBJC_MSGSEND = YES;
				ENABLE_TESTABILITY = YES;
				GCC_C_LANGUAGE_STANDARD = gnu11;
				GCC_DYNAMIC_NO_PIC = NO;
				GCC_NO_COMMON_BLOCKS = YES;
				GCC_OPTIMIZATION_LEVEL = 0;
				GCC_PREPROCESSOR_DEFINITIONS = (
					"DEBUG=1",
					"$(inherited)",
				);
				GCC_WARN_64_TO_32_BIT_CONVERSION = YES;
				GCC_WARN_ABOUT_RETURN_TYPE = YES_ERROR;
				GCC_WARN_UNDECLARED_SELECTOR = YES;
				GCC_WARN_UNINITIALIZED_AUTOS = YES_AGGRESSIVE;
				GCC_WARN_UNUSED_FUNCTION = YES;
				GCC_WARN_UNUSED_VARIABLE = YES;
				IPHONEOS_DEPLOYMENT_TARGET = 15.5;
				MTL_ENABLE_DEBUG_INFO = INCLUDE_SOURCE;
				MTL_FAST_MATH = YES;
				ONLY_ACTIVE_ARCH = YES;
				SDKROOT = iphoneos;
				SWIFT_ACTIVE_COMPILATION_CONDITIONS = DEBUG;
				SWIFT_OPTIMIZATION_LEVEL = "-Onone";
			};
			name = Debug;
		};
		AC18708729B7F2BB003D7FFD /* Release */ = {
			isa = XCBuildConfiguration;
			buildSettings = {
				ALWAYS_SEARCH_USER_PATHS = NO;
				CLANG_ANALYZER_NONNULL = YES;
				CLANG_ANALYZER_NUMBER_OBJECT_CONVERSION = YES_AGGRESSIVE;
				CLANG_CXX_LANGUAGE_STANDARD = "gnu++17";
				CLANG_ENABLE_MODULES = YES;
				CLANG_ENABLE_OBJC_ARC = YES;
				CLANG_ENABLE_OBJC_WEAK = YES;
				CLANG_WARN_BLOCK_CAPTURE_AUTORELEASING = YES;
				CLANG_WARN_BOOL_CONVERSION = YES;
				CLANG_WARN_COMMA = YES;
				CLANG_WARN_CONSTANT_CONVERSION = YES;
				CLANG_WARN_DEPRECATED_OBJC_IMPLEMENTATIONS = YES;
				CLANG_WARN_DIRECT_OBJC_ISA_USAGE = YES_ERROR;
				CLANG_WARN_DOCUMENTATION_COMMENTS = YES;
				CLANG_WARN_EMPTY_BODY = YES;
				CLANG_WARN_ENUM_CONVERSION = YES;
				CLANG_WARN_INFINITE_RECURSION = YES;
				CLANG_WARN_INT_CONVERSION = YES;
				CLANG_WARN_NON_LITERAL_NULL_CONVERSION = YES;
				CLANG_WARN_OBJC_IMPLICIT_RETAIN_SELF = YES;
				CLANG_WARN_OBJC_LITERAL_CONVERSION = YES;
				CLANG_WARN_OBJC_ROOT_CLASS = YES_ERROR;
				CLANG_WARN_QUOTED_INCLUDE_IN_FRAMEWORK_HEADER = YES;
				CLANG_WARN_RANGE_LOOP_ANALYSIS = YES;
				CLANG_WARN_STRICT_PROTOTYPES = YES;
				CLANG_WARN_SUSPICIOUS_MOVE = YES;
				CLANG_WARN_UNGUARDED_AVAILABILITY = YES_AGGRESSIVE;
				CLANG_WARN_UNREACHABLE_CODE = YES;
				CLANG_WARN__DUPLICATE_METHOD_MATCH = YES;
				COPY_PHASE_STRIP = NO;
				DEBUG_INFORMATION_FORMAT = "dwarf-with-dsym";
				ENABLE_NS_ASSERTIONS = NO;
				ENABLE_STRICT_OBJC_MSGSEND = YES;
				GCC_C_LANGUAGE_STANDARD = gnu11;
				GCC_NO_COMMON_BLOCKS = YES;
				GCC_WARN_64_TO_32_BIT_CONVERSION = YES;
				GCC_WARN_ABOUT_RETURN_TYPE = YES_ERROR;
				GCC_WARN_UNDECLARED_SELECTOR = YES;
				GCC_WARN_UNINITIALIZED_AUTOS = YES_AGGRESSIVE;
				GCC_WARN_UNUSED_FUNCTION = YES;
				GCC_WARN_UNUSED_VARIABLE = YES;
				IPHONEOS_DEPLOYMENT_TARGET = 15.5;
				MTL_ENABLE_DEBUG_INFO = NO;
				MTL_FAST_MATH = YES;
				SDKROOT = iphoneos;
				SWIFT_COMPILATION_MODE = wholemodule;
				SWIFT_OPTIMIZATION_LEVEL = "-O";
				VALIDATE_PRODUCT = YES;
			};
			name = Release;
		};
		AC18708929B7F2BB003D7FFD /* Debug */ = {
			isa = XCBuildConfiguration;
			buildSettings = {
				ASSETCATALOG_COMPILER_APPICON_NAME = AppIcon;
				ASSETCATALOG_COMPILER_GLOBAL_ACCENT_COLOR_NAME = AccentColor;
				CODE_SIGN_STYLE = Automatic;
				CURRENT_PROJECT_VERSION = 1;
				GENERATE_INFOPLIST_FILE = YES;
				INFOPLIST_FILE = Aula03_07_mar/Info.plist;
				INFOPLIST_KEY_UIApplicationSupportsIndirectInputEvents = YES;
				INFOPLIST_KEY_UILaunchStoryboardName = LaunchScreen;
				INFOPLIST_KEY_UIMainStoryboardFile = Main;
				INFOPLIST_KEY_UISupportedInterfaceOrientations_iPad = "UIInterfaceOrientationPortrait UIInterfaceOrientationPortraitUpsideDown UIInterfaceOrientationLandscapeLeft UIInterfaceOrientationLandscapeRight";
				INFOPLIST_KEY_UISupportedInterfaceOrientations_iPhone = "UIInterfaceOrientationPortrait UIInterfaceOrientationLandscapeLeft UIInterfaceOrientationLandscapeRight";
				LD_RUNPATH_SEARCH_PATHS = (
					"$(inherited)",
					"@executable_path/Frameworks",
				);
				MARKETING_VERSION = 1.0;
				PRODUCT_BUNDLE_IDENTIFIER = "com.fiap.Aula03-07-mar";
				PRODUCT_NAME = "$(TARGET_NAME)";
				SWIFT_EMIT_LOC_STRINGS = YES;
				SWIFT_VERSION = 5.0;
				TARGETED_DEVICE_FAMILY = "1,2";
			};
			name = Debug;
		};
		AC18708A29B7F2BB003D7FFD /* Release */ = {
			isa = XCBuildConfiguration;
			buildSettings = {
				ASSETCATALOG_COMPILER_APPICON_NAME = AppIcon;
				ASSETCATALOG_COMPILER_GLOBAL_ACCENT_COLOR_NAME = AccentColor;
				CODE_SIGN_STYLE = Automatic;
				CURRENT_PROJECT_VERSION = 1;
				GENERATE_INFOPLIST_FILE = YES;
				INFOPLIST_FILE = Aula03_07_mar/Info.plist;
				INFOPLIST_KEY_UIApplicationSupportsIndirectInputEvents = YES;
				INFOPLIST_KEY_UILaunchStoryboardName = LaunchScreen;
				INFOPLIST_KEY_UIMainStoryboardFile = Main;
				INFOPLIST_KEY_UISupportedInterfaceOrientations_iPad = "UIInterfaceOrientationPortrait UIInterfaceOrientationPortraitUpsideDown UIInterfaceOrientationLandscapeLeft UIInterfaceOrientationLandscapeRight";
				INFOPLIST_KEY_UISupportedInterfaceOrientations_iPhone = "UIInterfaceOrientationPortrait UIInterfaceOrientationLandscapeLeft UIInterfaceOrientationLandscapeRight";
				LD_RUNPATH_SEARCH_PATHS = (
					"$(inherited)",
					"@executable_path/Frameworks",
				);
				MARKETING_VERSION = 1.0;
				PRODUCT_BUNDLE_IDENTIFIER = "com.fiap.Aula03-07-mar";
				PRODUCT_NAME = "$(TARGET_NAME)";
				SWIFT_EMIT_LOC_STRINGS = YES;
				SWIFT_VERSION = 5.0;
				TARGETED_DEVICE_FAMILY = "1,2";
			};
			name = Release;
		};
		AC18708C29B7F2BB003D7FFD /* Debug */ = {
			isa = XCBuildConfiguration;
			buildSettings = {
				ALWAYS_EMBED_SWIFT_STANDARD_LIBRARIES = YES;
				BUNDLE_LOADER = "$(TEST_HOST)";
				CODE_SIGN_STYLE = Automatic;
				CURRENT_PROJECT_VERSION = 1;
				GENERATE_INFOPLIST_FILE = YES;
				IPHONEOS_DEPLOYMENT_TARGET = 15.5;
				MARKETING_VERSION = 1.0;
				PRODUCT_BUNDLE_IDENTIFIER = "com.fiap.Aula03-07-marTests";
				PRODUCT_NAME = "$(TARGET_NAME)";
				SWIFT_EMIT_LOC_STRINGS = NO;
				SWIFT_VERSION = 5.0;
				TARGETED_DEVICE_FAMILY = "1,2";
				TEST_HOST = "$(BUILT_PRODUCTS_DIR)/Aula03_07_mar.app/Aula03_07_mar";
			};
			name = Debug;
		};
		AC18708D29B7F2BB003D7FFD /* Release */ = {
			isa = XCBuildConfiguration;
			buildSettings = {
				ALWAYS_EMBED_SWIFT_STANDARD_LIBRARIES = YES;
				BUNDLE_LOADER = "$(TEST_HOST)";
				CODE_SIGN_STYLE = Automatic;
				CURRENT_PROJECT_VERSION = 1;
				GENERATE_INFOPLIST_FILE = YES;
				IPHONEOS_DEPLOYMENT_TARGET = 15.5;
				MARKETING_VERSION = 1.0;
				PRODUCT_BUNDLE_IDENTIFIER = "com.fiap.Aula03-07-marTests";
				PRODUCT_NAME = "$(TARGET_NAME)";
				SWIFT_EMIT_LOC_STRINGS = NO;
				SWIFT_VERSION = 5.0;
				TARGETED_DEVICE_FAMILY = "1,2";
				TEST_HOST = "$(BUILT_PRODUCTS_DIR)/Aula03_07_mar.app/Aula03_07_mar";
			};
			name = Release;
		};
		AC18708F29B7F2BB003D7FFD /* Debug */ = {
			isa = XCBuildConfiguration;
			buildSettings = {
				ALWAYS_EMBED_SWIFT_STANDARD_LIBRARIES = YES;
				CODE_SIGN_STYLE = Automatic;
				CURRENT_PROJECT_VERSION = 1;
				GENERATE_INFOPLIST_FILE = YES;
				MARKETING_VERSION = 1.0;
				PRODUCT_BUNDLE_IDENTIFIER = "com.fiap.Aula03-07-marUITests";
				PRODUCT_NAME = "$(TARGET_NAME)";
				SWIFT_EMIT_LOC_STRINGS = NO;
				SWIFT_VERSION = 5.0;
				TARGETED_DEVICE_FAMILY = "1,2";
				TEST_TARGET_NAME = Aula03_07_mar;
			};
			name = Debug;
		};
		AC18709029B7F2BB003D7FFD /* Release */ = {
			isa = XCBuildConfiguration;
			buildSettings = {
				ALWAYS_EMBED_SWIFT_STANDARD_LIBRARIES = YES;
				CODE_SIGN_STYLE = Automatic;
				CURRENT_PROJECT_VERSION = 1;
				GENERATE_INFOPLIST_FILE = YES;
				MARKETING_VERSION = 1.0;
				PRODUCT_BUNDLE_IDENTIFIER = "com.fiap.Aula03-07-marUITests";
				PRODUCT_NAME = "$(TARGET_NAME)";
				SWIFT_EMIT_LOC_STRINGS = NO;
				SWIFT_VERSION = 5.0;
				TARGETED_DEVICE_FAMILY = "1,2";
				TEST_TARGET_NAME = Aula03_07_mar;
			};
			name = Release;
		};
/* End XCBuildConfiguration section */

/* Begin XCConfigurationList section */
		AC18705929B7F2B6003D7FFD /* Build configuration list for PBXProject "Aula03_07_mar" */ = {
			isa = XCConfigurationList;
			buildConfigurations = (
				AC18708629B7F2BB003D7FFD /* Debug */,
				AC18708729B7F2BB003D7FFD /* Release */,
			);
			defaultConfigurationIsVisible = 0;
			defaultConfigurationName = Release;
		};
		AC18708829B7F2BB003D7FFD /* Build configuration list for PBXNativeTarget "Aula03_07_mar" */ = {
			isa = XCConfigurationList;
			buildConfigurations = (
				AC18708929B7F2BB003D7FFD /* Debug */,
				AC18708A29B7F2BB003D7FFD /* Release */,
			);
			defaultConfigurationIsVisible = 0;
			defaultConfigurationName = Release;
		};
		AC18708B29B7F2BB003D7FFD /* Build configuration list for PBXNativeTarget "Aula03_07_marTests" */ = {
			isa = XCConfigurationList;
			buildConfigurations = (
				AC18708C29B7F2BB003D7FFD /* Debug */,
				AC18708D29B7F2BB003D7FFD /* Release */,
			);
			defaultConfigurationIsVisible = 0;
			defaultConfigurationName = Release;
		};
		AC18708E29B7F2BB003D7FFD /* Build configuration list for PBXNativeTarget "Aula03_07_marUITests" */ = {
			isa = XCConfigurationList;
			buildConfigurations = (
				AC18708F29B7F2BB003D7FFD /* Debug */,
				AC18709029B7F2BB003D7FFD /* Release */,
			);
			defaultConfigurationIsVisible = 0;
			defaultConfigurationName = Release;
		};
/* End XCConfigurationList section */
	};
	rootObject = AC18705629B7F2B6003D7FFD /* Project object */;
}
